// !$*UTF8*$!
{
	archiveVersion = 1;
	classes = {
	};
	objectVersion = 55;
	objects = {

/* Begin PBXBuildFile section */
		753E34FF27B6AB8C00764ED6 /* AppDelegate.swift in Sources */ = {isa = PBXBuildFile; fileRef = 753E34FE27B6AB8C00764ED6 /* AppDelegate.swift */; };
		753E350127B6AB8C00764ED6 /* SceneDelegate.swift in Sources */ = {isa = PBXBuildFile; fileRef = 753E350027B6AB8C00764ED6 /* SceneDelegate.swift */; };
		753E350327B6AB8C00764ED6 /* MainViewController.swift in Sources */ = {isa = PBXBuildFile; fileRef = 753E350227B6AB8C00764ED6 /* MainViewController.swift */; };
		753E350827B6AB8D00764ED6 /* Assets.xcassets in Resources */ = {isa = PBXBuildFile; fileRef = 753E350727B6AB8D00764ED6 /* Assets.xcassets */; };
		753E350B27B6AB8D00764ED6 /* LaunchScreen.storyboard in Resources */ = {isa = PBXBuildFile; fileRef = 753E350927B6AB8D00764ED6 /* LaunchScreen.storyboard */; };
		753E351627B6AB8D00764ED6 /* CurrencyAppTests.swift in Sources */ = {isa = PBXBuildFile; fileRef = 753E351527B6AB8D00764ED6 /* CurrencyAppTests.swift */; };
		753E352027B6AB8D00764ED6 /* CurrencyAppUITests.swift in Sources */ = {isa = PBXBuildFile; fileRef = 753E351F27B6AB8D00764ED6 /* CurrencyAppUITests.swift */; };
		753E352227B6AB8D00764ED6 /* CurrencyAppUITestsLaunchTests.swift in Sources */ = {isa = PBXBuildFile; fileRef = 753E352127B6AB8D00764ED6 /* CurrencyAppUITestsLaunchTests.swift */; };
		753E353527B6AC8A00764ED6 /* AppDelegate.swift in Sources */ = {isa = PBXBuildFile; fileRef = 753E353427B6AC8A00764ED6 /* AppDelegate.swift */; };
		753E353727B6AC8A00764ED6 /* SceneDelegate.swift in Sources */ = {isa = PBXBuildFile; fileRef = 753E353627B6AC8A00764ED6 /* SceneDelegate.swift */; };
		753E353927B6AC8A00764ED6 /* MainTableViewController.swift in Sources */ = {isa = PBXBuildFile; fileRef = 753E353827B6AC8A00764ED6 /* MainTableViewController.swift */; };
		753E353E27B6AC8B00764ED6 /* Assets.xcassets in Resources */ = {isa = PBXBuildFile; fileRef = 753E353D27B6AC8B00764ED6 /* Assets.xcassets */; };
		753E354127B6AC8B00764ED6 /* LaunchScreen.storyboard in Resources */ = {isa = PBXBuildFile; fileRef = 753E353F27B6AC8B00764ED6 /* LaunchScreen.storyboard */; };
		753E354C27B6AC8C00764ED6 /* CurrencyAppTableViewTests.swift in Sources */ = {isa = PBXBuildFile; fileRef = 753E354B27B6AC8C00764ED6 /* CurrencyAppTableViewTests.swift */; };
		753E355627B6AC8C00764ED6 /* CurrencyAppTableViewUITests.swift in Sources */ = {isa = PBXBuildFile; fileRef = 753E355527B6AC8C00764ED6 /* CurrencyAppTableViewUITests.swift */; };
		753E355827B6AC8C00764ED6 /* CurrencyAppTableViewUITestsLaunchTests.swift in Sources */ = {isa = PBXBuildFile; fileRef = 753E355727B6AC8C00764ED6 /* CurrencyAppTableViewUITestsLaunchTests.swift */; };
		753E356827B6AED000764ED6 /* TinyConstraints in Frameworks */ = {isa = PBXBuildFile; productRef = 753E356727B6AED000764ED6 /* TinyConstraints */; };
		753E356B27B6AEE300764ED6 /* TinyConstraints in Frameworks */ = {isa = PBXBuildFile; productRef = 753E356A27B6AEE300764ED6 /* TinyConstraints */; };
		753E356E27B6AF0B00764ED6 /* BaseNavigationController.swift in Sources */ = {isa = PBXBuildFile; fileRef = 753E356D27B6AF0B00764ED6 /* BaseNavigationController.swift */; };
		753E357127B6AF4900764ED6 /* UIView+RoundCorners.swift in Sources */ = {isa = PBXBuildFile; fileRef = 753E357027B6AF4900764ED6 /* UIView+RoundCorners.swift */; };
		753E357227B6AF6800764ED6 /* UIView+RoundCorners.swift in Sources */ = {isa = PBXBuildFile; fileRef = 753E357027B6AF4900764ED6 /* UIView+RoundCorners.swift */; };
		753E357527B6B01600764ED6 /* MainViewPresenter.swift in Sources */ = {isa = PBXBuildFile; fileRef = 753E357427B6B01600764ED6 /* MainViewPresenter.swift */; };
		753E357727B6B08200764ED6 /* BasePresenterProtocol.swift in Sources */ = {isa = PBXBuildFile; fileRef = 753E357627B6B08200764ED6 /* BasePresenterProtocol.swift */; };
		753E357927B6B0F700764ED6 /* MainViewRouter.swift in Sources */ = {isa = PBXBuildFile; fileRef = 753E357827B6B0F700764ED6 /* MainViewRouter.swift */; };
		753E357B27B6B11600764ED6 /* BaseRouterProtocol.swift in Sources */ = {isa = PBXBuildFile; fileRef = 753E357A27B6B11600764ED6 /* BaseRouterProtocol.swift */; };
		753E357D27B6B1A800764ED6 /* MainViewInteractor.swift in Sources */ = {isa = PBXBuildFile; fileRef = 753E357C27B6B1A800764ED6 /* MainViewInteractor.swift */; };
		753E357F27B6B1C800764ED6 /* MainViewModel.swift in Sources */ = {isa = PBXBuildFile; fileRef = 753E357E27B6B1C800764ED6 /* MainViewModel.swift */; };
		753E358227B6B73900764ED6 /* ErrorView.swift in Sources */ = {isa = PBXBuildFile; fileRef = 753E358127B6B73900764ED6 /* ErrorView.swift */; };
		753E358427B6B8FA00764ED6 /* UIView+addSubviews.swift in Sources */ = {isa = PBXBuildFile; fileRef = 753E358327B6B8FA00764ED6 /* UIView+addSubviews.swift */; };
		753E358627B6BA2D00764ED6 /* AddTargets.swift in Sources */ = {isa = PBXBuildFile; fileRef = 753E358527B6BA2D00764ED6 /* AddTargets.swift */; };
		753E358A27B6C1ED00764ED6 /* Alamofire in Frameworks */ = {isa = PBXBuildFile; productRef = 753E358927B6C1ED00764ED6 /* Alamofire */; };
		753E358C27B6C1F500764ED6 /* Alamofire in Frameworks */ = {isa = PBXBuildFile; productRef = 753E358B27B6C1F500764ED6 /* Alamofire */; };
		753E358F27B6C20400764ED6 /* SwiftyJSON in Frameworks */ = {isa = PBXBuildFile; productRef = 753E358E27B6C20400764ED6 /* SwiftyJSON */; };
		753E359127B6C20B00764ED6 /* SwiftyJSON in Frameworks */ = {isa = PBXBuildFile; productRef = 753E359027B6C20B00764ED6 /* SwiftyJSON */; };
		753E359327B6C22600764ED6 /* MainViewService.swift in Sources */ = {isa = PBXBuildFile; fileRef = 753E359227B6C22600764ED6 /* MainViewService.swift */; };
		753E359427B6C25B00764ED6 /* UIView+addSubviews.swift in Sources */ = {isa = PBXBuildFile; fileRef = 753E358327B6B8FA00764ED6 /* UIView+addSubviews.swift */; };
		753E359527B6C25F00764ED6 /* AddTargets.swift in Sources */ = {isa = PBXBuildFile; fileRef = 753E358527B6BA2D00764ED6 /* AddTargets.swift */; };
		753E359627B6C27500764ED6 /* MainViewService.swift in Sources */ = {isa = PBXBuildFile; fileRef = 753E359227B6C22600764ED6 /* MainViewService.swift */; };
		753E359D27B6C37300764ED6 /* Endpoint.swift in Sources */ = {isa = PBXBuildFile; fileRef = 753E359C27B6C37300764ED6 /* Endpoint.swift */; };
		753E359E27B6C37300764ED6 /* Endpoint.swift in Sources */ = {isa = PBXBuildFile; fileRef = 753E359C27B6C37300764ED6 /* Endpoint.swift */; };
		753E35A027B6C51900764ED6 /* APIManager.swift in Sources */ = {isa = PBXBuildFile; fileRef = 753E359F27B6C51900764ED6 /* APIManager.swift */; };
		753E35A127B6C51900764ED6 /* APIManager.swift in Sources */ = {isa = PBXBuildFile; fileRef = 753E359F27B6C51900764ED6 /* APIManager.swift */; };
		753E35A327B6C53B00764ED6 /* APIResponse.swift in Sources */ = {isa = PBXBuildFile; fileRef = 753E35A227B6C53B00764ED6 /* APIResponse.swift */; };
		753E35A427B6C53B00764ED6 /* APIResponse.swift in Sources */ = {isa = PBXBuildFile; fileRef = 753E35A227B6C53B00764ED6 /* APIResponse.swift */; };
		753E35A727B6CA3100764ED6 /* MessagedError.swift in Sources */ = {isa = PBXBuildFile; fileRef = 753E35A627B6CA3100764ED6 /* MessagedError.swift */; };
		753E35AA27B6E89F00764ED6 /* JSONMapper.swift in Sources */ = {isa = PBXBuildFile; fileRef = 753E35A927B6E89F00764ED6 /* JSONMapper.swift */; };
		753E35AB27B6E89F00764ED6 /* JSONMapper.swift in Sources */ = {isa = PBXBuildFile; fileRef = 753E35A927B6E89F00764ED6 /* JSONMapper.swift */; };
		753E35AD27B6E99C00764ED6 /* MappingError.swift in Sources */ = {isa = PBXBuildFile; fileRef = 753E35AC27B6E99C00764ED6 /* MappingError.swift */; };
		753E35AE27B6E99C00764ED6 /* MappingError.swift in Sources */ = {isa = PBXBuildFile; fileRef = 753E35AC27B6E99C00764ED6 /* MappingError.swift */; };
		753E35B027B6ED3900764ED6 /* MainViewEndpoint.swift in Sources */ = {isa = PBXBuildFile; fileRef = 753E35AF27B6ED3900764ED6 /* MainViewEndpoint.swift */; };
		753E35B127B6ED3900764ED6 /* MainViewEndpoint.swift in Sources */ = {isa = PBXBuildFile; fileRef = 753E35AF27B6ED3900764ED6 /* MainViewEndpoint.swift */; };
		753E35B427B6EE3200764ED6 /* DateFormatter.swift in Sources */ = {isa = PBXBuildFile; fileRef = 753E35B327B6EE3200764ED6 /* DateFormatter.swift */; };
		753E35B527B6EE3200764ED6 /* DateFormatter.swift in Sources */ = {isa = PBXBuildFile; fileRef = 753E35B327B6EE3200764ED6 /* DateFormatter.swift */; };
		753E35B827B6F0AB00764ED6 /* MainModel.swift in Sources */ = {isa = PBXBuildFile; fileRef = 753E35B727B6F0AB00764ED6 /* MainModel.swift */; };
		753E35B927B6F0AB00764ED6 /* MainModel.swift in Sources */ = {isa = PBXBuildFile; fileRef = 753E35B727B6F0AB00764ED6 /* MainModel.swift */; };
		753E35BB27B6F95700764ED6 /* ReusableId+RegisterCells.swift in Sources */ = {isa = PBXBuildFile; fileRef = 753E35BA27B6F95700764ED6 /* ReusableId+RegisterCells.swift */; };
		753E35BC27B6F95700764ED6 /* ReusableId+RegisterCells.swift in Sources */ = {isa = PBXBuildFile; fileRef = 753E35BA27B6F95700764ED6 /* ReusableId+RegisterCells.swift */; };
		753E35BF27B6F97900764ED6 /* MainCollectionViewCell.swift in Sources */ = {isa = PBXBuildFile; fileRef = 753E35BE27B6F97900764ED6 /* MainCollectionViewCell.swift */; };
		753E35C027B6F97900764ED6 /* MainCollectionViewCell.swift in Sources */ = {isa = PBXBuildFile; fileRef = 753E35BE27B6F97900764ED6 /* MainCollectionViewCell.swift */; };
		753E35C227B6FF3200764ED6 /* Currency.swift in Sources */ = {isa = PBXBuildFile; fileRef = 753E35C127B6FF3200764ED6 /* Currency.swift */; };
		753E35C327B6FF3200764ED6 /* Currency.swift in Sources */ = {isa = PBXBuildFile; fileRef = 753E35C127B6FF3200764ED6 /* Currency.swift */; };
		753E35C527B700A800764ED6 /* AttrString.swift in Sources */ = {isa = PBXBuildFile; fileRef = 753E35C427B700A800764ED6 /* AttrString.swift */; };
		753E35C627B700A800764ED6 /* AttrString.swift in Sources */ = {isa = PBXBuildFile; fileRef = 753E35C427B700A800764ED6 /* AttrString.swift */; };
		753E35C827B71ECA00764ED6 /* UIView+Shadow.swift in Sources */ = {isa = PBXBuildFile; fileRef = 753E35C727B71ECA00764ED6 /* UIView+Shadow.swift */; };
		753E35C927B71ECA00764ED6 /* UIView+Shadow.swift in Sources */ = {isa = PBXBuildFile; fileRef = 753E35C727B71ECA00764ED6 /* UIView+Shadow.swift */; };
		753E35CB27B7E70C00764ED6 /* MainViewHeaderView.swift in Sources */ = {isa = PBXBuildFile; fileRef = 753E35CA27B7E70C00764ED6 /* MainViewHeaderView.swift */; };
		753E35CC27B7E70C00764ED6 /* MainViewHeaderView.swift in Sources */ = {isa = PBXBuildFile; fileRef = 753E35CA27B7E70C00764ED6 /* MainViewHeaderView.swift */; };
		753E35CF27B7F03300764ED6 /* MainTableViewPresenter.swift in Sources */ = {isa = PBXBuildFile; fileRef = 753E35CD27B7F03300764ED6 /* MainTableViewPresenter.swift */; };
		753E35D227B7F08D00764ED6 /* MainTableViewInteractor.swift in Sources */ = {isa = PBXBuildFile; fileRef = 753E35D027B7F08D00764ED6 /* MainTableViewInteractor.swift */; };
		753E35D527B7F0C300764ED6 /* MainTableViewRouter.swift in Sources */ = {isa = PBXBuildFile; fileRef = 753E35D327B7F0C300764ED6 /* MainTableViewRouter.swift */; };
		753E35D827B7F2BD00764ED6 /* MainTableViewCell.swift in Sources */ = {isa = PBXBuildFile; fileRef = 753E35D727B7F2BD00764ED6 /* MainTableViewCell.swift */; };
		753E35D927B7F2BD00764ED6 /* MainTableViewCell.swift in Sources */ = {isa = PBXBuildFile; fileRef = 753E35D727B7F2BD00764ED6 /* MainTableViewCell.swift */; };
		753E35DA27B7F44000764ED6 /* MessagedError.swift in Sources */ = {isa = PBXBuildFile; fileRef = 753E35A627B6CA3100764ED6 /* MessagedError.swift */; };
		753E35DB27B7F45400764ED6 /* BasePresenterProtocol.swift in Sources */ = {isa = PBXBuildFile; fileRef = 753E357627B6B08200764ED6 /* BasePresenterProtocol.swift */; };
		753E35DC27B7F45800764ED6 /* BaseRouterProtocol.swift in Sources */ = {isa = PBXBuildFile; fileRef = 753E357A27B6B11600764ED6 /* BaseRouterProtocol.swift */; };
		753E35DD27B7F46E00764ED6 /* BaseNavigationController.swift in Sources */ = {isa = PBXBuildFile; fileRef = 753E356D27B6AF0B00764ED6 /* BaseNavigationController.swift */; };
		753E35DF27B7F7A000764ED6 /* MainTableHeaderView.swift in Sources */ = {isa = PBXBuildFile; fileRef = 753E35DE27B7F7A000764ED6 /* MainTableHeaderView.swift */; };
		753E35E027B7F98400764ED6 /* ErrorView.swift in Sources */ = {isa = PBXBuildFile; fileRef = 753E358127B6B73900764ED6 /* ErrorView.swift */; };
/* End PBXBuildFile section */

/* Begin PBXContainerItemProxy section */
		753E351227B6AB8D00764ED6 /* PBXContainerItemProxy */ = {
			isa = PBXContainerItemProxy;
			containerPortal = 753E34F327B6AB8C00764ED6 /* Project object */;
			proxyType = 1;
			remoteGlobalIDString = 753E34FA27B6AB8C00764ED6;
			remoteInfo = CurrencyApp;
		};
		753E351C27B6AB8D00764ED6 /* PBXContainerItemProxy */ = {
			isa = PBXContainerItemProxy;
			containerPortal = 753E34F327B6AB8C00764ED6 /* Project object */;
			proxyType = 1;
			remoteGlobalIDString = 753E34FA27B6AB8C00764ED6;
			remoteInfo = CurrencyApp;
		};
		753E354827B6AC8C00764ED6 /* PBXContainerItemProxy */ = {
			isa = PBXContainerItemProxy;
			containerPortal = 753E34F327B6AB8C00764ED6 /* Project object */;
			proxyType = 1;
			remoteGlobalIDString = 753E353127B6AC8A00764ED6;
			remoteInfo = CurrencyAppTableView;
		};
		753E355227B6AC8C00764ED6 /* PBXContainerItemProxy */ = {
			isa = PBXContainerItemProxy;
			containerPortal = 753E34F327B6AB8C00764ED6 /* Project object */;
			proxyType = 1;
			remoteGlobalIDString = 753E353127B6AC8A00764ED6;
			remoteInfo = CurrencyAppTableView;
		};
/* End PBXContainerItemProxy section */

/* Begin PBXFileReference section */
		753E34FB27B6AB8C00764ED6 /* CurrencyApp.app */ = {isa = PBXFileReference; explicitFileType = wrapper.application; includeInIndex = 0; path = CurrencyApp.app; sourceTree = BUILT_PRODUCTS_DIR; };
		753E34FE27B6AB8C00764ED6 /* AppDelegate.swift */ = {isa = PBXFileReference; lastKnownFileType = sourcecode.swift; path = AppDelegate.swift; sourceTree = "<group>"; };
		753E350027B6AB8C00764ED6 /* SceneDelegate.swift */ = {isa = PBXFileReference; lastKnownFileType = sourcecode.swift; path = SceneDelegate.swift; sourceTree = "<group>"; };
		753E350227B6AB8C00764ED6 /* MainViewController.swift */ = {isa = PBXFileReference; lastKnownFileType = sourcecode.swift; path = MainViewController.swift; sourceTree = "<group>"; };
		753E350727B6AB8D00764ED6 /* Assets.xcassets */ = {isa = PBXFileReference; lastKnownFileType = folder.assetcatalog; path = Assets.xcassets; sourceTree = "<group>"; };
		753E350A27B6AB8D00764ED6 /* Base */ = {isa = PBXFileReference; lastKnownFileType = file.storyboard; name = Base; path = Base.lproj/LaunchScreen.storyboard; sourceTree = "<group>"; };
		753E350C27B6AB8D00764ED6 /* Info.plist */ = {isa = PBXFileReference; lastKnownFileType = text.plist.xml; path = Info.plist; sourceTree = "<group>"; };
		753E351127B6AB8D00764ED6 /* CurrencyAppTests.xctest */ = {isa = PBXFileReference; explicitFileType = wrapper.cfbundle; includeInIndex = 0; path = CurrencyAppTests.xctest; sourceTree = BUILT_PRODUCTS_DIR; };
		753E351527B6AB8D00764ED6 /* CurrencyAppTests.swift */ = {isa = PBXFileReference; lastKnownFileType = sourcecode.swift; path = CurrencyAppTests.swift; sourceTree = "<group>"; };
		753E351B27B6AB8D00764ED6 /* CurrencyAppUITests.xctest */ = {isa = PBXFileReference; explicitFileType = wrapper.cfbundle; includeInIndex = 0; path = CurrencyAppUITests.xctest; sourceTree = BUILT_PRODUCTS_DIR; };
		753E351F27B6AB8D00764ED6 /* CurrencyAppUITests.swift */ = {isa = PBXFileReference; lastKnownFileType = sourcecode.swift; path = CurrencyAppUITests.swift; sourceTree = "<group>"; };
		753E352127B6AB8D00764ED6 /* CurrencyAppUITestsLaunchTests.swift */ = {isa = PBXFileReference; lastKnownFileType = sourcecode.swift; path = CurrencyAppUITestsLaunchTests.swift; sourceTree = "<group>"; };
		753E353227B6AC8A00764ED6 /* CurrencyAppTableView.app */ = {isa = PBXFileReference; explicitFileType = wrapper.application; includeInIndex = 0; path = CurrencyAppTableView.app; sourceTree = BUILT_PRODUCTS_DIR; };
		753E353427B6AC8A00764ED6 /* AppDelegate.swift */ = {isa = PBXFileReference; lastKnownFileType = sourcecode.swift; path = AppDelegate.swift; sourceTree = "<group>"; };
		753E353627B6AC8A00764ED6 /* SceneDelegate.swift */ = {isa = PBXFileReference; lastKnownFileType = sourcecode.swift; path = SceneDelegate.swift; sourceTree = "<group>"; };
		753E353827B6AC8A00764ED6 /* MainTableViewController.swift */ = {isa = PBXFileReference; lastKnownFileType = sourcecode.swift; path = MainTableViewController.swift; sourceTree = "<group>"; };
		753E353D27B6AC8B00764ED6 /* Assets.xcassets */ = {isa = PBXFileReference; lastKnownFileType = folder.assetcatalog; path = Assets.xcassets; sourceTree = "<group>"; };
		753E354027B6AC8B00764ED6 /* Base */ = {isa = PBXFileReference; lastKnownFileType = file.storyboard; name = Base; path = Base.lproj/LaunchScreen.storyboard; sourceTree = "<group>"; };
		753E354227B6AC8B00764ED6 /* Info.plist */ = {isa = PBXFileReference; lastKnownFileType = text.plist.xml; path = Info.plist; sourceTree = "<group>"; };
		753E354727B6AC8C00764ED6 /* CurrencyAppTableViewTests.xctest */ = {isa = PBXFileReference; explicitFileType = wrapper.cfbundle; includeInIndex = 0; path = CurrencyAppTableViewTests.xctest; sourceTree = BUILT_PRODUCTS_DIR; };
		753E354B27B6AC8C00764ED6 /* CurrencyAppTableViewTests.swift */ = {isa = PBXFileReference; lastKnownFileType = sourcecode.swift; path = CurrencyAppTableViewTests.swift; sourceTree = "<group>"; };
		753E355127B6AC8C00764ED6 /* CurrencyAppTableViewUITests.xctest */ = {isa = PBXFileReference; explicitFileType = wrapper.cfbundle; includeInIndex = 0; path = CurrencyAppTableViewUITests.xctest; sourceTree = BUILT_PRODUCTS_DIR; };
		753E355527B6AC8C00764ED6 /* CurrencyAppTableViewUITests.swift */ = {isa = PBXFileReference; lastKnownFileType = sourcecode.swift; path = CurrencyAppTableViewUITests.swift; sourceTree = "<group>"; };
		753E355727B6AC8C00764ED6 /* CurrencyAppTableViewUITestsLaunchTests.swift */ = {isa = PBXFileReference; lastKnownFileType = sourcecode.swift; path = CurrencyAppTableViewUITestsLaunchTests.swift; sourceTree = "<group>"; };
		753E356D27B6AF0B00764ED6 /* BaseNavigationController.swift */ = {isa = PBXFileReference; lastKnownFileType = sourcecode.swift; path = BaseNavigationController.swift; sourceTree = "<group>"; };
		753E357027B6AF4900764ED6 /* UIView+RoundCorners.swift */ = {isa = PBXFileReference; lastKnownFileType = sourcecode.swift; name = "UIView+RoundCorners.swift"; path = "../Application Layer/Extensions/UIView+RoundCorners.swift"; sourceTree = "<group>"; };
		753E357427B6B01600764ED6 /* MainViewPresenter.swift */ = {isa = PBXFileReference; lastKnownFileType = sourcecode.swift; path = MainViewPresenter.swift; sourceTree = "<group>"; };
		753E357627B6B08200764ED6 /* BasePresenterProtocol.swift */ = {isa = PBXFileReference; lastKnownFileType = sourcecode.swift; path = BasePresenterProtocol.swift; sourceTree = "<group>"; };
		753E357827B6B0F700764ED6 /* MainViewRouter.swift */ = {isa = PBXFileReference; lastKnownFileType = sourcecode.swift; path = MainViewRouter.swift; sourceTree = "<group>"; };
		753E357A27B6B11600764ED6 /* BaseRouterProtocol.swift */ = {isa = PBXFileReference; lastKnownFileType = sourcecode.swift; path = BaseRouterProtocol.swift; sourceTree = "<group>"; };
		753E357C27B6B1A800764ED6 /* MainViewInteractor.swift */ = {isa = PBXFileReference; lastKnownFileType = sourcecode.swift; path = MainViewInteractor.swift; sourceTree = "<group>"; };
		753E357E27B6B1C800764ED6 /* MainViewModel.swift */ = {isa = PBXFileReference; lastKnownFileType = sourcecode.swift; path = MainViewModel.swift; sourceTree = "<group>"; };
		753E358127B6B73900764ED6 /* ErrorView.swift */ = {isa = PBXFileReference; lastKnownFileType = sourcecode.swift; path = ErrorView.swift; sourceTree = "<group>"; };
		753E358327B6B8FA00764ED6 /* UIView+addSubviews.swift */ = {isa = PBXFileReference; lastKnownFileType = sourcecode.swift; name = "UIView+addSubviews.swift"; path = "../Application Layer/Extensions/UIView+addSubviews.swift"; sourceTree = "<group>"; };
		753E358527B6BA2D00764ED6 /* AddTargets.swift */ = {isa = PBXFileReference; lastKnownFileType = sourcecode.swift; name = AddTargets.swift; path = "../Application Layer/Extensions/AddTargets.swift"; sourceTree = "<group>"; };
		753E359227B6C22600764ED6 /* MainViewService.swift */ = {isa = PBXFileReference; lastKnownFileType = sourcecode.swift; path = MainViewService.swift; sourceTree = "<group>"; };
		753E359C27B6C37300764ED6 /* Endpoint.swift */ = {isa = PBXFileReference; lastKnownFileType = sourcecode.swift; path = Endpoint.swift; sourceTree = "<group>"; };
		753E359F27B6C51900764ED6 /* APIManager.swift */ = {isa = PBXFileReference; lastKnownFileType = sourcecode.swift; path = APIManager.swift; sourceTree = "<group>"; };
		753E35A227B6C53B00764ED6 /* APIResponse.swift */ = {isa = PBXFileReference; lastKnownFileType = sourcecode.swift; path = APIResponse.swift; sourceTree = "<group>"; };
		753E35A627B6CA3100764ED6 /* MessagedError.swift */ = {isa = PBXFileReference; lastKnownFileType = sourcecode.swift; name = MessagedError.swift; path = ../Helpers/MessagedError.swift; sourceTree = "<group>"; };
		753E35A927B6E89F00764ED6 /* JSONMapper.swift */ = {isa = PBXFileReference; lastKnownFileType = sourcecode.swift; path = JSONMapper.swift; sourceTree = "<group>"; };
		753E35AC27B6E99C00764ED6 /* MappingError.swift */ = {isa = PBXFileReference; lastKnownFileType = sourcecode.swift; name = MappingError.swift; path = ../Helpers/MappingError.swift; sourceTree = "<group>"; };
		753E35AF27B6ED3900764ED6 /* MainViewEndpoint.swift */ = {isa = PBXFileReference; lastKnownFileType = sourcecode.swift; path = MainViewEndpoint.swift; sourceTree = "<group>"; };
		753E35B327B6EE3200764ED6 /* DateFormatter.swift */ = {isa = PBXFileReference; lastKnownFileType = sourcecode.swift; name = DateFormatter.swift; path = "Application Layer/Helpers/DateFormatter.swift"; sourceTree = SOURCE_ROOT; };
		753E35B727B6F0AB00764ED6 /* MainModel.swift */ = {isa = PBXFileReference; lastKnownFileType = sourcecode.swift; path = MainModel.swift; sourceTree = "<group>"; };
		753E35BA27B6F95700764ED6 /* ReusableId+RegisterCells.swift */ = {isa = PBXFileReference; lastKnownFileType = sourcecode.swift; name = "ReusableId+RegisterCells.swift"; path = "Application Layer/Extensions/ReusableId+RegisterCells.swift"; sourceTree = SOURCE_ROOT; };
		753E35BE27B6F97900764ED6 /* MainCollectionViewCell.swift */ = {isa = PBXFileReference; lastKnownFileType = sourcecode.swift; path = MainCollectionViewCell.swift; sourceTree = "<group>"; };
		753E35C127B6FF3200764ED6 /* Currency.swift */ = {isa = PBXFileReference; lastKnownFileType = sourcecode.swift; name = Currency.swift; path = "Application Layer/Helpers/Currency.swift"; sourceTree = SOURCE_ROOT; };
		753E35C427B700A800764ED6 /* AttrString.swift */ = {isa = PBXFileReference; lastKnownFileType = sourcecode.swift; name = AttrString.swift; path = "Application Layer/Helpers/AttrString.swift"; sourceTree = SOURCE_ROOT; };
		753E35C727B71ECA00764ED6 /* UIView+Shadow.swift */ = {isa = PBXFileReference; lastKnownFileType = sourcecode.swift; name = "UIView+Shadow.swift"; path = "Application Layer/Extensions/UIView+Shadow.swift"; sourceTree = SOURCE_ROOT; };
		753E35CA27B7E70C00764ED6 /* MainViewHeaderView.swift */ = {isa = PBXFileReference; lastKnownFileType = sourcecode.swift; path = MainViewHeaderView.swift; sourceTree = "<group>"; };
		753E35CD27B7F03300764ED6 /* MainTableViewPresenter.swift */ = {isa = PBXFileReference; lastKnownFileType = sourcecode.swift; path = MainTableViewPresenter.swift; sourceTree = "<group>"; };
		753E35D027B7F08D00764ED6 /* MainTableViewInteractor.swift */ = {isa = PBXFileReference; lastKnownFileType = sourcecode.swift; path = MainTableViewInteractor.swift; sourceTree = "<group>"; };
		753E35D327B7F0C300764ED6 /* MainTableViewRouter.swift */ = {isa = PBXFileReference; lastKnownFileType = sourcecode.swift; path = MainTableViewRouter.swift; sourceTree = "<group>"; };
		753E35D727B7F2BD00764ED6 /* MainTableViewCell.swift */ = {isa = PBXFileReference; lastKnownFileType = sourcecode.swift; path = MainTableViewCell.swift; sourceTree = "<group>"; };
		753E35DE27B7F7A000764ED6 /* MainTableHeaderView.swift */ = {isa = PBXFileReference; lastKnownFileType = sourcecode.swift; path = MainTableHeaderView.swift; sourceTree = "<group>"; };
/* End PBXFileReference section */

/* Begin PBXFrameworksBuildPhase section */
		753E34F827B6AB8C00764ED6 /* Frameworks */ = {
			isa = PBXFrameworksBuildPhase;
			buildActionMask = 2147483647;
			files = (
				753E358F27B6C20400764ED6 /* SwiftyJSON in Frameworks */,
				753E356827B6AED000764ED6 /* TinyConstraints in Frameworks */,
				753E358A27B6C1ED00764ED6 /* Alamofire in Frameworks */,
			);
			runOnlyForDeploymentPostprocessing = 0;
		};
		753E350E27B6AB8D00764ED6 /* Frameworks */ = {
			isa = PBXFrameworksBuildPhase;
			buildActionMask = 2147483647;
			files = (
			);
			runOnlyForDeploymentPostprocessing = 0;
		};
		753E351827B6AB8D00764ED6 /* Frameworks */ = {
			isa = PBXFrameworksBuildPhase;
			buildActionMask = 2147483647;
			files = (
			);
			runOnlyForDeploymentPostprocessing = 0;
		};
		753E352F27B6AC8A00764ED6 /* Frameworks */ = {
			isa = PBXFrameworksBuildPhase;
			buildActionMask = 2147483647;
			files = (
				753E359127B6C20B00764ED6 /* SwiftyJSON in Frameworks */,
				753E356B27B6AEE300764ED6 /* TinyConstraints in Frameworks */,
				753E358C27B6C1F500764ED6 /* Alamofire in Frameworks */,
			);
			runOnlyForDeploymentPostprocessing = 0;
		};
		753E354427B6AC8C00764ED6 /* Frameworks */ = {
			isa = PBXFrameworksBuildPhase;
			buildActionMask = 2147483647;
			files = (
			);
			runOnlyForDeploymentPostprocessing = 0;
		};
		753E354E27B6AC8C00764ED6 /* Frameworks */ = {
			isa = PBXFrameworksBuildPhase;
			buildActionMask = 2147483647;
			files = (
			);
			runOnlyForDeploymentPostprocessing = 0;
		};
/* End PBXFrameworksBuildPhase section */

/* Begin PBXGroup section */
		753E34F227B6AB8C00764ED6 = {
			isa = PBXGroup;
			children = (
				753E358727B6C1BD00764ED6 /* Service Layer */,
				753E35B627B6F09500764ED6 /* DataLayer */,
				753E359727B6C2AB00764ED6 /* Application Layer */,
				753E359827B6C2D000764ED6 /* Presentation Layer */,
				753E34FD27B6AB8C00764ED6 /* CurrencyApp */,
				753E351427B6AB8D00764ED6 /* CurrencyAppTests */,
				753E351E27B6AB8D00764ED6 /* CurrencyAppUITests */,
				753E353327B6AC8A00764ED6 /* CurrencyAppTableView */,
				753E354A27B6AC8C00764ED6 /* CurrencyAppTableViewTests */,
				753E355427B6AC8C00764ED6 /* CurrencyAppTableViewUITests */,
				753E34FC27B6AB8C00764ED6 /* Products */,
				753E356927B6AEE300764ED6 /* Frameworks */,
			);
			sourceTree = "<group>";
		};
		753E34FC27B6AB8C00764ED6 /* Products */ = {
			isa = PBXGroup;
			children = (
				753E34FB27B6AB8C00764ED6 /* CurrencyApp.app */,
				753E351127B6AB8D00764ED6 /* CurrencyAppTests.xctest */,
				753E351B27B6AB8D00764ED6 /* CurrencyAppUITests.xctest */,
				753E353227B6AC8A00764ED6 /* CurrencyAppTableView.app */,
				753E354727B6AC8C00764ED6 /* CurrencyAppTableViewTests.xctest */,
				753E355127B6AC8C00764ED6 /* CurrencyAppTableViewUITests.xctest */,
			);
			name = Products;
			sourceTree = "<group>";
		};
		753E34FD27B6AB8C00764ED6 /* CurrencyApp */ = {
			isa = PBXGroup;
			children = (
				753E356227B6AD6900764ED6 /* AppSceneDelegates */,
				753E356327B6AD7500764ED6 /* Scenes */,
				753E350727B6AB8D00764ED6 /* Assets.xcassets */,
				753E350927B6AB8D00764ED6 /* LaunchScreen.storyboard */,
				753E350C27B6AB8D00764ED6 /* Info.plist */,
			);
			path = CurrencyApp;
			sourceTree = "<group>";
		};
		753E351427B6AB8D00764ED6 /* CurrencyAppTests */ = {
			isa = PBXGroup;
			children = (
				753E351527B6AB8D00764ED6 /* CurrencyAppTests.swift */,
			);
			path = CurrencyAppTests;
			sourceTree = "<group>";
		};
		753E351E27B6AB8D00764ED6 /* CurrencyAppUITests */ = {
			isa = PBXGroup;
			children = (
				753E351F27B6AB8D00764ED6 /* CurrencyAppUITests.swift */,
				753E352127B6AB8D00764ED6 /* CurrencyAppUITestsLaunchTests.swift */,
			);
			path = CurrencyAppUITests;
			sourceTree = "<group>";
		};
		753E353327B6AC8A00764ED6 /* CurrencyAppTableView */ = {
			isa = PBXGroup;
			children = (
				753E356427B6AD8100764ED6 /* AppSceneDelegates */,
				753E356527B6AD8A00764ED6 /* Scenes */,
				753E353D27B6AC8B00764ED6 /* Assets.xcassets */,
				753E353F27B6AC8B00764ED6 /* LaunchScreen.storyboard */,
				753E354227B6AC8B00764ED6 /* Info.plist */,
			);
			path = CurrencyAppTableView;
			sourceTree = "<group>";
		};
		753E354A27B6AC8C00764ED6 /* CurrencyAppTableViewTests */ = {
			isa = PBXGroup;
			children = (
				753E354B27B6AC8C00764ED6 /* CurrencyAppTableViewTests.swift */,
			);
			path = CurrencyAppTableViewTests;
			sourceTree = "<group>";
		};
		753E355427B6AC8C00764ED6 /* CurrencyAppTableViewUITests */ = {
			isa = PBXGroup;
			children = (
				753E355527B6AC8C00764ED6 /* CurrencyAppTableViewUITests.swift */,
				753E355727B6AC8C00764ED6 /* CurrencyAppTableViewUITestsLaunchTests.swift */,
			);
			path = CurrencyAppTableViewUITests;
			sourceTree = "<group>";
		};
		753E356227B6AD6900764ED6 /* AppSceneDelegates */ = {
			isa = PBXGroup;
			children = (
				753E34FE27B6AB8C00764ED6 /* AppDelegate.swift */,
				753E350027B6AB8C00764ED6 /* SceneDelegate.swift */,
			);
			path = AppSceneDelegates;
			sourceTree = "<group>";
		};
		753E356327B6AD7500764ED6 /* Scenes */ = {
			isa = PBXGroup;
			children = (
				753E357327B6AFB500764ED6 /* MainView */,
			);
			path = Scenes;
			sourceTree = "<group>";
		};
		753E356427B6AD8100764ED6 /* AppSceneDelegates */ = {
			isa = PBXGroup;
			children = (
				753E353427B6AC8A00764ED6 /* AppDelegate.swift */,
				753E353627B6AC8A00764ED6 /* SceneDelegate.swift */,
			);
			path = AppSceneDelegates;
			sourceTree = "<group>";
		};
		753E356527B6AD8A00764ED6 /* Scenes */ = {
			isa = PBXGroup;
			children = (
				753E35D627B7F2A500764ED6 /* Components */,
				753E353827B6AC8A00764ED6 /* MainTableViewController.swift */,
				753E35CD27B7F03300764ED6 /* MainTableViewPresenter.swift */,
				753E35D027B7F08D00764ED6 /* MainTableViewInteractor.swift */,
				753E35D327B7F0C300764ED6 /* MainTableViewRouter.swift */,
			);
			path = Scenes;
			sourceTree = "<group>";
		};
		753E356927B6AEE300764ED6 /* Frameworks */ = {
			isa = PBXGroup;
			children = (
			);
			name = Frameworks;
			sourceTree = "<group>";
		};
		753E356C27B6AEF000764ED6 /* Base */ = {
			isa = PBXGroup;
			children = (
				753E356D27B6AF0B00764ED6 /* BaseNavigationController.swift */,
				753E357627B6B08200764ED6 /* BasePresenterProtocol.swift */,
				753E357A27B6B11600764ED6 /* BaseRouterProtocol.swift */,
			);
			path = Base;
			sourceTree = "<group>";
		};
		753E356F27B6AF3700764ED6 /* Extensions */ = {
			isa = PBXGroup;
			children = (
				753E357027B6AF4900764ED6 /* UIView+RoundCorners.swift */,
				753E358327B6B8FA00764ED6 /* UIView+addSubviews.swift */,
				753E358527B6BA2D00764ED6 /* AddTargets.swift */,
				753E35BA27B6F95700764ED6 /* ReusableId+RegisterCells.swift */,
				753E35C727B71ECA00764ED6 /* UIView+Shadow.swift */,
			);
			name = Extensions;
			sourceTree = "<group>";
		};
		753E357327B6AFB500764ED6 /* MainView */ = {
			isa = PBXGroup;
			children = (
				753E35BD27B6F96600764ED6 /* Components */,
				753E350227B6AB8C00764ED6 /* MainViewController.swift */,
				753E357427B6B01600764ED6 /* MainViewPresenter.swift */,
				753E357C27B6B1A800764ED6 /* MainViewInteractor.swift */,
				753E357827B6B0F700764ED6 /* MainViewRouter.swift */,
				753E357E27B6B1C800764ED6 /* MainViewModel.swift */,
			);
			path = MainView;
			sourceTree = "<group>";
		};
		753E358027B6B72200764ED6 /* CustomViews */ = {
			isa = PBXGroup;
			children = (
				753E358127B6B73900764ED6 /* ErrorView.swift */,
			);
			path = CustomViews;
			sourceTree = "<group>";
		};
		753E358727B6C1BD00764ED6 /* Service Layer */ = {
			isa = PBXGroup;
			children = (
				753E359927B6C35600764ED6 /* API */,
				753E359A27B6C35B00764ED6 /* Services */,
				753E35A527B6CA2800764ED6 /* Helpers */,
			);
			path = "Service Layer";
			sourceTree = "<group>";
		};
		753E359727B6C2AB00764ED6 /* Application Layer */ = {
			isa = PBXGroup;
			children = (
				753E35B227B6EE2700764ED6 /* Helpers */,
				753E356F27B6AF3700764ED6 /* Extensions */,
			);
			path = "Application Layer";
			sourceTree = "<group>";
		};
		753E359827B6C2D000764ED6 /* Presentation Layer */ = {
			isa = PBXGroup;
			children = (
				753E356C27B6AEF000764ED6 /* Base */,
				753E358027B6B72200764ED6 /* CustomViews */,
			);
			path = "Presentation Layer";
			sourceTree = "<group>";
		};
		753E359927B6C35600764ED6 /* API */ = {
			isa = PBXGroup;
			children = (
				753E359B27B6C36400764ED6 /* Endpoint */,
				753E359F27B6C51900764ED6 /* APIManager.swift */,
				753E35A227B6C53B00764ED6 /* APIResponse.swift */,
				753E35A927B6E89F00764ED6 /* JSONMapper.swift */,
			);
			path = API;
			sourceTree = "<group>";
		};
		753E359A27B6C35B00764ED6 /* Services */ = {
			isa = PBXGroup;
			children = (
				753E359227B6C22600764ED6 /* MainViewService.swift */,
			);
			path = Services;
			sourceTree = "<group>";
		};
		753E359B27B6C36400764ED6 /* Endpoint */ = {
			isa = PBXGroup;
			children = (
				753E359C27B6C37300764ED6 /* Endpoint.swift */,
				753E35AF27B6ED3900764ED6 /* MainViewEndpoint.swift */,
			);
			path = Endpoint;
			sourceTree = "<group>";
		};
		753E35A527B6CA2800764ED6 /* Helpers */ = {
			isa = PBXGroup;
			children = (
				753E35A627B6CA3100764ED6 /* MessagedError.swift */,
				753E35AC27B6E99C00764ED6 /* MappingError.swift */,
			);
			name = Helpers;
			path = Extensions;
			sourceTree = "<group>";
		};
		753E35B227B6EE2700764ED6 /* Helpers */ = {
			isa = PBXGroup;
			children = (
				753E35B327B6EE3200764ED6 /* DateFormatter.swift */,
				753E35C127B6FF3200764ED6 /* Currency.swift */,
				753E35C427B700A800764ED6 /* AttrString.swift */,
			);
			name = Helpers;
			path = "../Application Layer/Helpers";
			sourceTree = "<group>";
		};
		753E35B627B6F09500764ED6 /* DataLayer */ = {
			isa = PBXGroup;
			children = (
				753E35B727B6F0AB00764ED6 /* MainModel.swift */,
			);
			path = DataLayer;
			sourceTree = "<group>";
		};
		753E35BD27B6F96600764ED6 /* Components */ = {
			isa = PBXGroup;
			children = (
				753E35BE27B6F97900764ED6 /* MainCollectionViewCell.swift */,
				753E35CA27B7E70C00764ED6 /* MainViewHeaderView.swift */,
			);
			path = Components;
			sourceTree = "<group>";
		};
		753E35D627B7F2A500764ED6 /* Components */ = {
			isa = PBXGroup;
			children = (
				753E35D727B7F2BD00764ED6 /* MainTableViewCell.swift */,
				753E35DE27B7F7A000764ED6 /* MainTableHeaderView.swift */,
			);
			path = Components;
			sourceTree = "<group>";
		};
/* End PBXGroup section */

/* Begin PBXNativeTarget section */
		753E34FA27B6AB8C00764ED6 /* CurrencyApp */ = {
			isa = PBXNativeTarget;
			buildConfigurationList = 753E352527B6AB8D00764ED6 /* Build configuration list for PBXNativeTarget "CurrencyApp" */;
			buildPhases = (
				753E34F727B6AB8C00764ED6 /* Sources */,
				753E34F827B6AB8C00764ED6 /* Frameworks */,
				753E34F927B6AB8C00764ED6 /* Resources */,
			);
			buildRules = (
			);
			dependencies = (
			);
			name = CurrencyApp;
			packageProductDependencies = (
				753E356727B6AED000764ED6 /* TinyConstraints */,
				753E358927B6C1ED00764ED6 /* Alamofire */,
				753E358E27B6C20400764ED6 /* SwiftyJSON */,
			);
			productName = CurrencyApp;
			productReference = 753E34FB27B6AB8C00764ED6 /* CurrencyApp.app */;
			productType = "com.apple.product-type.application";
		};
		753E351027B6AB8D00764ED6 /* CurrencyAppTests */ = {
			isa = PBXNativeTarget;
			buildConfigurationList = 753E352827B6AB8D00764ED6 /* Build configuration list for PBXNativeTarget "CurrencyAppTests" */;
			buildPhases = (
				753E350D27B6AB8D00764ED6 /* Sources */,
				753E350E27B6AB8D00764ED6 /* Frameworks */,
				753E350F27B6AB8D00764ED6 /* Resources */,
			);
			buildRules = (
			);
			dependencies = (
				753E351327B6AB8D00764ED6 /* PBXTargetDependency */,
			);
			name = CurrencyAppTests;
			productName = CurrencyAppTests;
			productReference = 753E351127B6AB8D00764ED6 /* CurrencyAppTests.xctest */;
			productType = "com.apple.product-type.bundle.unit-test";
		};
		753E351A27B6AB8D00764ED6 /* CurrencyAppUITests */ = {
			isa = PBXNativeTarget;
			buildConfigurationList = 753E352B27B6AB8D00764ED6 /* Build configuration list for PBXNativeTarget "CurrencyAppUITests" */;
			buildPhases = (
				753E351727B6AB8D00764ED6 /* Sources */,
				753E351827B6AB8D00764ED6 /* Frameworks */,
				753E351927B6AB8D00764ED6 /* Resources */,
			);
			buildRules = (
			);
			dependencies = (
				753E351D27B6AB8D00764ED6 /* PBXTargetDependency */,
			);
			name = CurrencyAppUITests;
			productName = CurrencyAppUITests;
			productReference = 753E351B27B6AB8D00764ED6 /* CurrencyAppUITests.xctest */;
			productType = "com.apple.product-type.bundle.ui-testing";
		};
		753E353127B6AC8A00764ED6 /* CurrencyAppTableView */ = {
			isa = PBXNativeTarget;
			buildConfigurationList = 753E355927B6AC8C00764ED6 /* Build configuration list for PBXNativeTarget "CurrencyAppTableView" */;
			buildPhases = (
				753E352E27B6AC8A00764ED6 /* Sources */,
				753E352F27B6AC8A00764ED6 /* Frameworks */,
				753E353027B6AC8A00764ED6 /* Resources */,
			);
			buildRules = (
			);
			dependencies = (
			);
			name = CurrencyAppTableView;
			packageProductDependencies = (
				753E356A27B6AEE300764ED6 /* TinyConstraints */,
				753E358B27B6C1F500764ED6 /* Alamofire */,
				753E359027B6C20B00764ED6 /* SwiftyJSON */,
			);
			productName = CurrencyAppTableView;
			productReference = 753E353227B6AC8A00764ED6 /* CurrencyAppTableView.app */;
			productType = "com.apple.product-type.application";
		};
		753E354627B6AC8C00764ED6 /* CurrencyAppTableViewTests */ = {
			isa = PBXNativeTarget;
			buildConfigurationList = 753E355C27B6AC8C00764ED6 /* Build configuration list for PBXNativeTarget "CurrencyAppTableViewTests" */;
			buildPhases = (
				753E354327B6AC8C00764ED6 /* Sources */,
				753E354427B6AC8C00764ED6 /* Frameworks */,
				753E354527B6AC8C00764ED6 /* Resources */,
			);
			buildRules = (
			);
			dependencies = (
				753E354927B6AC8C00764ED6 /* PBXTargetDependency */,
			);
			name = CurrencyAppTableViewTests;
			productName = CurrencyAppTableViewTests;
			productReference = 753E354727B6AC8C00764ED6 /* CurrencyAppTableViewTests.xctest */;
			productType = "com.apple.product-type.bundle.unit-test";
		};
		753E355027B6AC8C00764ED6 /* CurrencyAppTableViewUITests */ = {
			isa = PBXNativeTarget;
			buildConfigurationList = 753E355F27B6AC8C00764ED6 /* Build configuration list for PBXNativeTarget "CurrencyAppTableViewUITests" */;
			buildPhases = (
				753E354D27B6AC8C00764ED6 /* Sources */,
				753E354E27B6AC8C00764ED6 /* Frameworks */,
				753E354F27B6AC8C00764ED6 /* Resources */,
			);
			buildRules = (
			);
			dependencies = (
				753E355327B6AC8C00764ED6 /* PBXTargetDependency */,
			);
			name = CurrencyAppTableViewUITests;
			productName = CurrencyAppTableViewUITests;
			productReference = 753E355127B6AC8C00764ED6 /* CurrencyAppTableViewUITests.xctest */;
			productType = "com.apple.product-type.bundle.ui-testing";
		};
/* End PBXNativeTarget section */

/* Begin PBXProject section */
		753E34F327B6AB8C00764ED6 /* Project object */ = {
			isa = PBXProject;
			attributes = {
				BuildIndependentTargetsInParallel = 1;
				LastSwiftUpdateCheck = 1320;
				LastUpgradeCheck = 1320;
				TargetAttributes = {
					753E34FA27B6AB8C00764ED6 = {
						CreatedOnToolsVersion = 13.2.1;
					};
					753E351027B6AB8D00764ED6 = {
						CreatedOnToolsVersion = 13.2.1;
						TestTargetID = 753E34FA27B6AB8C00764ED6;
					};
					753E351A27B6AB8D00764ED6 = {
						CreatedOnToolsVersion = 13.2.1;
						TestTargetID = 753E34FA27B6AB8C00764ED6;
					};
					753E353127B6AC8A00764ED6 = {
						CreatedOnToolsVersion = 13.2.1;
					};
					753E354627B6AC8C00764ED6 = {
						CreatedOnToolsVersion = 13.2.1;
						TestTargetID = 753E353127B6AC8A00764ED6;
					};
					753E355027B6AC8C00764ED6 = {
						CreatedOnToolsVersion = 13.2.1;
						TestTargetID = 753E353127B6AC8A00764ED6;
					};
				};
			};
			buildConfigurationList = 753E34F627B6AB8C00764ED6 /* Build configuration list for PBXProject "CurrencyApp" */;
			compatibilityVersion = "Xcode 13.0";
			developmentRegion = en;
			hasScannedForEncodings = 0;
			knownRegions = (
				en,
				Base,
			);
			mainGroup = 753E34F227B6AB8C00764ED6;
			packageReferences = (
				753E356627B6AED000764ED6 /* XCRemoteSwiftPackageReference "TinyConstraints" */,
				753E358827B6C1ED00764ED6 /* XCRemoteSwiftPackageReference "Alamofire" */,
				753E358D27B6C20400764ED6 /* XCRemoteSwiftPackageReference "SwiftyJSON" */,
			);
			productRefGroup = 753E34FC27B6AB8C00764ED6 /* Products */;
			projectDirPath = "";
			projectRoot = "";
			targets = (
				753E34FA27B6AB8C00764ED6 /* CurrencyApp */,
				753E351027B6AB8D00764ED6 /* CurrencyAppTests */,
				753E351A27B6AB8D00764ED6 /* CurrencyAppUITests */,
				753E353127B6AC8A00764ED6 /* CurrencyAppTableView */,
				753E354627B6AC8C00764ED6 /* CurrencyAppTableViewTests */,
				753E355027B6AC8C00764ED6 /* CurrencyAppTableViewUITests */,
			);
		};
/* End PBXProject section */

/* Begin PBXResourcesBuildPhase section */
		753E34F927B6AB8C00764ED6 /* Resources */ = {
			isa = PBXResourcesBuildPhase;
			buildActionMask = 2147483647;
			files = (
				753E350B27B6AB8D00764ED6 /* LaunchScreen.storyboard in Resources */,
				753E350827B6AB8D00764ED6 /* Assets.xcassets in Resources */,
			);
			runOnlyForDeploymentPostprocessing = 0;
		};
		753E350F27B6AB8D00764ED6 /* Resources */ = {
			isa = PBXResourcesBuildPhase;
			buildActionMask = 2147483647;
			files = (
			);
			runOnlyForDeploymentPostprocessing = 0;
		};
		753E351927B6AB8D00764ED6 /* Resources */ = {
			isa = PBXResourcesBuildPhase;
			buildActionMask = 2147483647;
			files = (
			);
			runOnlyForDeploymentPostprocessing = 0;
		};
		753E353027B6AC8A00764ED6 /* Resources */ = {
			isa = PBXResourcesBuildPhase;
			buildActionMask = 2147483647;
			files = (
				753E354127B6AC8B00764ED6 /* LaunchScreen.storyboard in Resources */,
				753E353E27B6AC8B00764ED6 /* Assets.xcassets in Resources */,
			);
			runOnlyForDeploymentPostprocessing = 0;
		};
		753E354527B6AC8C00764ED6 /* Resources */ = {
			isa = PBXResourcesBuildPhase;
			buildActionMask = 2147483647;
			files = (
			);
			runOnlyForDeploymentPostprocessing = 0;
		};
		753E354F27B6AC8C00764ED6 /* Resources */ = {
			isa = PBXResourcesBuildPhase;
			buildActionMask = 2147483647;
			files = (
			);
			runOnlyForDeploymentPostprocessing = 0;
		};
/* End PBXResourcesBuildPhase section */

/* Begin PBXSourcesBuildPhase section */
		753E34F727B6AB8C00764ED6 /* Sources */ = {
			isa = PBXSourcesBuildPhase;
			buildActionMask = 2147483647;
			files = (
				753E357D27B6B1A800764ED6 /* MainViewInteractor.swift in Sources */,
				753E357927B6B0F700764ED6 /* MainViewRouter.swift in Sources */,
				753E35A727B6CA3100764ED6 /* MessagedError.swift in Sources */,
				753E357B27B6B11600764ED6 /* BaseRouterProtocol.swift in Sources */,
				753E35AD27B6E99C00764ED6 /* MappingError.swift in Sources */,
				753E35BF27B6F97900764ED6 /* MainCollectionViewCell.swift in Sources */,
				753E356E27B6AF0B00764ED6 /* BaseNavigationController.swift in Sources */,
				753E350327B6AB8C00764ED6 /* MainViewController.swift in Sources */,
				753E35B427B6EE3200764ED6 /* DateFormatter.swift in Sources */,
				753E35C227B6FF3200764ED6 /* Currency.swift in Sources */,
				753E35B827B6F0AB00764ED6 /* MainModel.swift in Sources */,
				753E35AA27B6E89F00764ED6 /* JSONMapper.swift in Sources */,
				753E35B027B6ED3900764ED6 /* MainViewEndpoint.swift in Sources */,
				753E357527B6B01600764ED6 /* MainViewPresenter.swift in Sources */,
				753E34FF27B6AB8C00764ED6 /* AppDelegate.swift in Sources */,
				753E358227B6B73900764ED6 /* ErrorView.swift in Sources */,
				753E358427B6B8FA00764ED6 /* UIView+addSubviews.swift in Sources */,
				753E35C827B71ECA00764ED6 /* UIView+Shadow.swift in Sources */,
				753E35D827B7F2BD00764ED6 /* MainTableViewCell.swift in Sources */,
				753E350127B6AB8C00764ED6 /* SceneDelegate.swift in Sources */,
				753E359D27B6C37300764ED6 /* Endpoint.swift in Sources */,
				753E35BB27B6F95700764ED6 /* ReusableId+RegisterCells.swift in Sources */,
				753E358627B6BA2D00764ED6 /* AddTargets.swift in Sources */,
				753E35C527B700A800764ED6 /* AttrString.swift in Sources */,
				753E35A027B6C51900764ED6 /* APIManager.swift in Sources */,
				753E357727B6B08200764ED6 /* BasePresenterProtocol.swift in Sources */,
				753E359327B6C22600764ED6 /* MainViewService.swift in Sources */,
				753E357127B6AF4900764ED6 /* UIView+RoundCorners.swift in Sources */,
				753E357F27B6B1C800764ED6 /* MainViewModel.swift in Sources */,
				753E35A327B6C53B00764ED6 /* APIResponse.swift in Sources */,
				753E35CB27B7E70C00764ED6 /* MainViewHeaderView.swift in Sources */,
			);
			runOnlyForDeploymentPostprocessing = 0;
		};
		753E350D27B6AB8D00764ED6 /* Sources */ = {
			isa = PBXSourcesBuildPhase;
			buildActionMask = 2147483647;
			files = (
				753E351627B6AB8D00764ED6 /* CurrencyAppTests.swift in Sources */,
			);
			runOnlyForDeploymentPostprocessing = 0;
		};
		753E351727B6AB8D00764ED6 /* Sources */ = {
			isa = PBXSourcesBuildPhase;
			buildActionMask = 2147483647;
			files = (
				753E352027B6AB8D00764ED6 /* CurrencyAppUITests.swift in Sources */,
				753E352227B6AB8D00764ED6 /* CurrencyAppUITestsLaunchTests.swift in Sources */,
			);
			runOnlyForDeploymentPostprocessing = 0;
		};
		753E352E27B6AC8A00764ED6 /* Sources */ = {
			isa = PBXSourcesBuildPhase;
			buildActionMask = 2147483647;
			files = (
				753E35C327B6FF3200764ED6 /* Currency.swift in Sources */,
				753E359627B6C27500764ED6 /* MainViewService.swift in Sources */,
				753E35D227B7F08D00764ED6 /* MainTableViewInteractor.swift in Sources */,
				753E35C627B700A800764ED6 /* AttrString.swift in Sources */,
				753E359427B6C25B00764ED6 /* UIView+addSubviews.swift in Sources */,
				753E359E27B6C37300764ED6 /* Endpoint.swift in Sources */,
				753E35B127B6ED3900764ED6 /* MainViewEndpoint.swift in Sources */,
				753E35E027B7F98400764ED6 /* ErrorView.swift in Sources */,
				753E35DB27B7F45400764ED6 /* BasePresenterProtocol.swift in Sources */,
				753E35A427B6C53B00764ED6 /* APIResponse.swift in Sources */,
				753E35DF27B7F7A000764ED6 /* MainTableHeaderView.swift in Sources */,
				753E35DC27B7F45800764ED6 /* BaseRouterProtocol.swift in Sources */,
				753E35C027B6F97900764ED6 /* MainCollectionViewCell.swift in Sources */,
				753E35D927B7F2BD00764ED6 /* MainTableViewCell.swift in Sources */,
				753E35A127B6C51900764ED6 /* APIManager.swift in Sources */,
				753E357227B6AF6800764ED6 /* UIView+RoundCorners.swift in Sources */,
				753E359527B6C25F00764ED6 /* AddTargets.swift in Sources */,
				753E35CF27B7F03300764ED6 /* MainTableViewPresenter.swift in Sources */,
				753E35CC27B7E70C00764ED6 /* MainViewHeaderView.swift in Sources */,
				753E35DA27B7F44000764ED6 /* MessagedError.swift in Sources */,
				753E35DD27B7F46E00764ED6 /* BaseNavigationController.swift in Sources */,
				753E35B927B6F0AB00764ED6 /* MainModel.swift in Sources */,
				753E35AE27B6E99C00764ED6 /* MappingError.swift in Sources */,
				753E353927B6AC8A00764ED6 /* MainTableViewController.swift in Sources */,
				753E35B527B6EE3200764ED6 /* DateFormatter.swift in Sources */,
				753E35BC27B6F95700764ED6 /* ReusableId+RegisterCells.swift in Sources */,
				753E35C927B71ECA00764ED6 /* UIView+Shadow.swift in Sources */,
				753E353527B6AC8A00764ED6 /* AppDelegate.swift in Sources */,
				753E35D527B7F0C300764ED6 /* MainTableViewRouter.swift in Sources */,
				753E353727B6AC8A00764ED6 /* SceneDelegate.swift in Sources */,
				753E35AB27B6E89F00764ED6 /* JSONMapper.swift in Sources */,
			);
			runOnlyForDeploymentPostprocessing = 0;
		};
		753E354327B6AC8C00764ED6 /* Sources */ = {
			isa = PBXSourcesBuildPhase;
			buildActionMask = 2147483647;
			files = (
				753E354C27B6AC8C00764ED6 /* CurrencyAppTableViewTests.swift in Sources */,
			);
			runOnlyForDeploymentPostprocessing = 0;
		};
		753E354D27B6AC8C00764ED6 /* Sources */ = {
			isa = PBXSourcesBuildPhase;
			buildActionMask = 2147483647;
			files = (
				753E355627B6AC8C00764ED6 /* CurrencyAppTableViewUITests.swift in Sources */,
				753E355827B6AC8C00764ED6 /* CurrencyAppTableViewUITestsLaunchTests.swift in Sources */,
			);
			runOnlyForDeploymentPostprocessing = 0;
		};
/* End PBXSourcesBuildPhase section */

/* Begin PBXTargetDependency section */
		753E351327B6AB8D00764ED6 /* PBXTargetDependency */ = {
			isa = PBXTargetDependency;
			target = 753E34FA27B6AB8C00764ED6 /* CurrencyApp */;
			targetProxy = 753E351227B6AB8D00764ED6 /* PBXContainerItemProxy */;
		};
		753E351D27B6AB8D00764ED6 /* PBXTargetDependency */ = {
			isa = PBXTargetDependency;
			target = 753E34FA27B6AB8C00764ED6 /* CurrencyApp */;
			targetProxy = 753E351C27B6AB8D00764ED6 /* PBXContainerItemProxy */;
		};
		753E354927B6AC8C00764ED6 /* PBXTargetDependency */ = {
			isa = PBXTargetDependency;
			target = 753E353127B6AC8A00764ED6 /* CurrencyAppTableView */;
			targetProxy = 753E354827B6AC8C00764ED6 /* PBXContainerItemProxy */;
		};
		753E355327B6AC8C00764ED6 /* PBXTargetDependency */ = {
			isa = PBXTargetDependency;
			target = 753E353127B6AC8A00764ED6 /* CurrencyAppTableView */;
			targetProxy = 753E355227B6AC8C00764ED6 /* PBXContainerItemProxy */;
		};
/* End PBXTargetDependency section */

/* Begin PBXVariantGroup section */
		753E350927B6AB8D00764ED6 /* LaunchScreen.storyboard */ = {
			isa = PBXVariantGroup;
			children = (
				753E350A27B6AB8D00764ED6 /* Base */,
			);
			name = LaunchScreen.storyboard;
			sourceTree = "<group>";
		};
		753E353F27B6AC8B00764ED6 /* LaunchScreen.storyboard */ = {
			isa = PBXVariantGroup;
			children = (
				753E354027B6AC8B00764ED6 /* Base */,
			);
			name = LaunchScreen.storyboard;
			sourceTree = "<group>";
		};
/* End PBXVariantGroup section */

/* Begin XCBuildConfiguration section */
		753E352327B6AB8D00764ED6 /* Debug */ = {
			isa = XCBuildConfiguration;
			buildSettings = {
				ALWAYS_SEARCH_USER_PATHS = NO;
				CLANG_ANALYZER_NONNULL = YES;
				CLANG_ANALYZER_NUMBER_OBJECT_CONVERSION = YES_AGGRESSIVE;
				CLANG_CXX_LANGUAGE_STANDARD = "gnu++17";
				CLANG_CXX_LIBRARY = "libc++";
				CLANG_ENABLE_MODULES = YES;
				CLANG_ENABLE_OBJC_ARC = YES;
				CLANG_ENABLE_OBJC_WEAK = YES;
				CLANG_WARN_BLOCK_CAPTURE_AUTORELEASING = YES;
				CLANG_WARN_BOOL_CONVERSION = YES;
				CLANG_WARN_COMMA = YES;
				CLANG_WARN_CONSTANT_CONVERSION = YES;
				CLANG_WARN_DEPRECATED_OBJC_IMPLEMENTATIONS = YES;
				CLANG_WARN_DIRECT_OBJC_ISA_USAGE = YES_ERROR;
				CLANG_WARN_DOCUMENTATION_COMMENTS = YES;
				CLANG_WARN_EMPTY_BODY = YES;
				CLANG_WARN_ENUM_CONVERSION = YES;
				CLANG_WARN_INFINITE_RECURSION = YES;
				CLANG_WARN_INT_CONVERSION = YES;
				CLANG_WARN_NON_LITERAL_NULL_CONVERSION = YES;
				CLANG_WARN_OBJC_IMPLICIT_RETAIN_SELF = YES;
				CLANG_WARN_OBJC_LITERAL_CONVERSION = YES;
				CLANG_WARN_OBJC_ROOT_CLASS = YES_ERROR;
				CLANG_WARN_QUOTED_INCLUDE_IN_FRAMEWORK_HEADER = YES;
				CLANG_WARN_RANGE_LOOP_ANALYSIS = YES;
				CLANG_WARN_STRICT_PROTOTYPES = YES;
				CLANG_WARN_SUSPICIOUS_MOVE = YES;
				CLANG_WARN_UNGUARDED_AVAILABILITY = YES_AGGRESSIVE;
				CLANG_WARN_UNREACHABLE_CODE = YES;
				CLANG_WARN__DUPLICATE_METHOD_MATCH = YES;
				COPY_PHASE_STRIP = NO;
				DEBUG_INFORMATION_FORMAT = dwarf;
				ENABLE_STRICT_OBJC_MSGSEND = YES;
				ENABLE_TESTABILITY = YES;
				GCC_C_LANGUAGE_STANDARD = gnu11;
				GCC_DYNAMIC_NO_PIC = NO;
				GCC_NO_COMMON_BLOCKS = YES;
				GCC_OPTIMIZATION_LEVEL = 0;
				GCC_PREPROCESSOR_DEFINITIONS = (
					"DEBUG=1",
					"$(inherited)",
				);
				GCC_WARN_64_TO_32_BIT_CONVERSION = YES;
				GCC_WARN_ABOUT_RETURN_TYPE = YES_ERROR;
				GCC_WARN_UNDECLARED_SELECTOR = YES;
				GCC_WARN_UNINITIALIZED_AUTOS = YES_AGGRESSIVE;
				GCC_WARN_UNUSED_FUNCTION = YES;
				GCC_WARN_UNUSED_VARIABLE = YES;
				IPHONEOS_DEPLOYMENT_TARGET = 15.2;
				MTL_ENABLE_DEBUG_INFO = INCLUDE_SOURCE;
				MTL_FAST_MATH = YES;
				ONLY_ACTIVE_ARCH = YES;
				SDKROOT = iphoneos;
				SWIFT_ACTIVE_COMPILATION_CONDITIONS = DEBUG;
				SWIFT_OPTIMIZATION_LEVEL = "-Onone";
			};
			name = Debug;
		};
		753E352427B6AB8D00764ED6 /* Release */ = {
			isa = XCBuildConfiguration;
			buildSettings = {
				ALWAYS_SEARCH_USER_PATHS = NO;
				CLANG_ANALYZER_NONNULL = YES;
				CLANG_ANALYZER_NUMBER_OBJECT_CONVERSION = YES_AGGRESSIVE;
				CLANG_CXX_LANGUAGE_STANDARD = "gnu++17";
				CLANG_CXX_LIBRARY = "libc++";
				CLANG_ENABLE_MODULES = YES;
				CLANG_ENABLE_OBJC_ARC = YES;
				CLANG_ENABLE_OBJC_WEAK = YES;
				CLANG_WARN_BLOCK_CAPTURE_AUTORELEASING = YES;
				CLANG_WARN_BOOL_CONVERSION = YES;
				CLANG_WARN_COMMA = YES;
				CLANG_WARN_CONSTANT_CONVERSION = YES;
				CLANG_WARN_DEPRECATED_OBJC_IMPLEMENTATIONS = YES;
				CLANG_WARN_DIRECT_OBJC_ISA_USAGE = YES_ERROR;
				CLANG_WARN_DOCUMENTATION_COMMENTS = YES;
				CLANG_WARN_EMPTY_BODY = YES;
				CLANG_WARN_ENUM_CONVERSION = YES;
				CLANG_WARN_INFINITE_RECURSION = YES;
				CLANG_WARN_INT_CONVERSION = YES;
				CLANG_WARN_NON_LITERAL_NULL_CONVERSION = YES;
				CLANG_WARN_OBJC_IMPLICIT_RETAIN_SELF = YES;
				CLANG_WARN_OBJC_LITERAL_CONVERSION = YES;
				CLANG_WARN_OBJC_ROOT_CLASS = YES_ERROR;
				CLANG_WARN_QUOTED_INCLUDE_IN_FRAMEWORK_HEADER = YES;
				CLANG_WARN_RANGE_LOOP_ANALYSIS = YES;
				CLANG_WARN_STRICT_PROTOTYPES = YES;
				CLANG_WARN_SUSPICIOUS_MOVE = YES;
				CLANG_WARN_UNGUARDED_AVAILABILITY = YES_AGGRESSIVE;
				CLANG_WARN_UNREACHABLE_CODE = YES;
				CLANG_WARN__DUPLICATE_METHOD_MATCH = YES;
				COPY_PHASE_STRIP = NO;
				DEBUG_INFORMATION_FORMAT = "dwarf-with-dsym";
				ENABLE_NS_ASSERTIONS = NO;
				ENABLE_STRICT_OBJC_MSGSEND = YES;
				GCC_C_LANGUAGE_STANDARD = gnu11;
				GCC_NO_COMMON_BLOCKS = YES;
				GCC_WARN_64_TO_32_BIT_CONVERSION = YES;
				GCC_WARN_ABOUT_RETURN_TYPE = YES_ERROR;
				GCC_WARN_UNDECLARED_SELECTOR = YES;
				GCC_WARN_UNINITIALIZED_AUTOS = YES_AGGRESSIVE;
				GCC_WARN_UNUSED_FUNCTION = YES;
				GCC_WARN_UNUSED_VARIABLE = YES;
				IPHONEOS_DEPLOYMENT_TARGET = 15.2;
				MTL_ENABLE_DEBUG_INFO = NO;
				MTL_FAST_MATH = YES;
				SDKROOT = iphoneos;
				SWIFT_COMPILATION_MODE = wholemodule;
				SWIFT_OPTIMIZATION_LEVEL = "-O";
				VALIDATE_PRODUCT = YES;
			};
			name = Release;
		};
		753E352627B6AB8D00764ED6 /* Debug */ = {
			isa = XCBuildConfiguration;
			buildSettings = {
				ASSETCATALOG_COMPILER_APPICON_NAME = AppIcon;
				ASSETCATALOG_COMPILER_GLOBAL_ACCENT_COLOR_NAME = AccentColor;
				CODE_SIGN_STYLE = Automatic;
				CURRENT_PROJECT_VERSION = 1;
				GENERATE_INFOPLIST_FILE = YES;
				INFOPLIST_FILE = CurrencyApp/Info.plist;
				INFOPLIST_KEY_UIApplicationSupportsIndirectInputEvents = YES;
				INFOPLIST_KEY_UILaunchStoryboardName = LaunchScreen;
				INFOPLIST_KEY_UISupportedInterfaceOrientations = UIInterfaceOrientationPortrait;
				INFOPLIST_KEY_UISupportedInterfaceOrientations_iPad = "UIInterfaceOrientationPortrait UIInterfaceOrientationPortraitUpsideDown UIInterfaceOrientationLandscapeLeft UIInterfaceOrientationLandscapeRight";
				INFOPLIST_KEY_UISupportedInterfaceOrientations_iPhone = "UIInterfaceOrientationPortrait UIInterfaceOrientationLandscapeLeft UIInterfaceOrientationLandscapeRight";
				IPHONEOS_DEPLOYMENT_TARGET = 13.0;
				LD_RUNPATH_SEARCH_PATHS = (
					"$(inherited)",
					"@executable_path/Frameworks",
				);
				MARKETING_VERSION = 1.0;
				PRODUCT_BUNDLE_IDENTIFIER = madj.CurrencyApp;
				PRODUCT_NAME = "$(TARGET_NAME)";
				SWIFT_EMIT_LOC_STRINGS = YES;
				SWIFT_VERSION = 5.0;
				TARGETED_DEVICE_FAMILY = 1;
			};
			name = Debug;
		};
		753E352727B6AB8D00764ED6 /* Release */ = {
			isa = XCBuildConfiguration;
			buildSettings = {
				ASSETCATALOG_COMPILER_APPICON_NAME = AppIcon;
				ASSETCATALOG_COMPILER_GLOBAL_ACCENT_COLOR_NAME = AccentColor;
				CODE_SIGN_STYLE = Automatic;
				CURRENT_PROJECT_VERSION = 1;
				GENERATE_INFOPLIST_FILE = YES;
				INFOPLIST_FILE = CurrencyApp/Info.plist;
				INFOPLIST_KEY_UIApplicationSupportsIndirectInputEvents = YES;
				INFOPLIST_KEY_UILaunchStoryboardName = LaunchScreen;
				INFOPLIST_KEY_UISupportedInterfaceOrientations = UIInterfaceOrientationPortrait;
				INFOPLIST_KEY_UISupportedInterfaceOrientations_iPad = "UIInterfaceOrientationPortrait UIInterfaceOrientationPortraitUpsideDown UIInterfaceOrientationLandscapeLeft UIInterfaceOrientationLandscapeRight";
				INFOPLIST_KEY_UISupportedInterfaceOrientations_iPhone = "UIInterfaceOrientationPortrait UIInterfaceOrientationLandscapeLeft UIInterfaceOrientationLandscapeRight";
				IPHONEOS_DEPLOYMENT_TARGET = 13.0;
				LD_RUNPATH_SEARCH_PATHS = (
					"$(inherited)",
					"@executable_path/Frameworks",
				);
				MARKETING_VERSION = 1.0;
				PRODUCT_BUNDLE_IDENTIFIER = madj.CurrencyApp;
				PRODUCT_NAME = "$(TARGET_NAME)";
				SWIFT_EMIT_LOC_STRINGS = YES;
				SWIFT_VERSION = 5.0;
				TARGETED_DEVICE_FAMILY = 1;
			};
			name = Release;
		};
		753E352927B6AB8D00764ED6 /* Debug */ = {
			isa = XCBuildConfiguration;
			buildSettings = {
				ALWAYS_EMBED_SWIFT_STANDARD_LIBRARIES = YES;
				BUNDLE_LOADER = "$(TEST_HOST)";
				CODE_SIGN_STYLE = Automatic;
				CURRENT_PROJECT_VERSION = 1;
				GENERATE_INFOPLIST_FILE = YES;
				IPHONEOS_DEPLOYMENT_TARGET = 15.2;
				MARKETING_VERSION = 1.0;
				PRODUCT_BUNDLE_IDENTIFIER = madj.CurrencyAppTests;
				PRODUCT_NAME = "$(TARGET_NAME)";
				SWIFT_EMIT_LOC_STRINGS = NO;
				SWIFT_VERSION = 5.0;
				TARGETED_DEVICE_FAMILY = "1,2";
				TEST_HOST = "$(BUILT_PRODUCTS_DIR)/CurrencyApp.app/CurrencyApp";
			};
			name = Debug;
		};
		753E352A27B6AB8D00764ED6 /* Release */ = {
			isa = XCBuildConfiguration;
			buildSettings = {
				ALWAYS_EMBED_SWIFT_STANDARD_LIBRARIES = YES;
				BUNDLE_LOADER = "$(TEST_HOST)";
				CODE_SIGN_STYLE = Automatic;
				CURRENT_PROJECT_VERSION = 1;
				GENERATE_INFOPLIST_FILE = YES;
				IPHONEOS_DEPLOYMENT_TARGET = 15.2;
				MARKETING_VERSION = 1.0;
				PRODUCT_BUNDLE_IDENTIFIER = madj.CurrencyAppTests;
				PRODUCT_NAME = "$(TARGET_NAME)";
				SWIFT_EMIT_LOC_STRINGS = NO;
				SWIFT_VERSION = 5.0;
				TARGETED_DEVICE_FAMILY = "1,2";
				TEST_HOST = "$(BUILT_PRODUCTS_DIR)/CurrencyApp.app/CurrencyApp";
			};
			name = Release;
		};
		753E352C27B6AB8D00764ED6 /* Debug */ = {
			isa = XCBuildConfiguration;
			buildSettings = {
				ALWAYS_EMBED_SWIFT_STANDARD_LIBRARIES = YES;
				CODE_SIGN_STYLE = Automatic;
				CURRENT_PROJECT_VERSION = 1;
				GENERATE_INFOPLIST_FILE = YES;
				MARKETING_VERSION = 1.0;
				PRODUCT_BUNDLE_IDENTIFIER = madj.CurrencyAppUITests;
				PRODUCT_NAME = "$(TARGET_NAME)";
				SWIFT_EMIT_LOC_STRINGS = NO;
				SWIFT_VERSION = 5.0;
				TARGETED_DEVICE_FAMILY = "1,2";
				TEST_TARGET_NAME = CurrencyApp;
			};
			name = Debug;
		};
		753E352D27B6AB8D00764ED6 /* Release */ = {
			isa = XCBuildConfiguration;
			buildSettings = {
				ALWAYS_EMBED_SWIFT_STANDARD_LIBRARIES = YES;
				CODE_SIGN_STYLE = Automatic;
				CURRENT_PROJECT_VERSION = 1;
				GENERATE_INFOPLIST_FILE = YES;
				MARKETING_VERSION = 1.0;
				PRODUCT_BUNDLE_IDENTIFIER = madj.CurrencyAppUITests;
				PRODUCT_NAME = "$(TARGET_NAME)";
				SWIFT_EMIT_LOC_STRINGS = NO;
				SWIFT_VERSION = 5.0;
				TARGETED_DEVICE_FAMILY = "1,2";
				TEST_TARGET_NAME = CurrencyApp;
			};
			name = Release;
		};
		753E355A27B6AC8C00764ED6 /* Debug */ = {
			isa = XCBuildConfiguration;
			buildSettings = {
				ASSETCATALOG_COMPILER_APPICON_NAME = AppIcon;
				ASSETCATALOG_COMPILER_GLOBAL_ACCENT_COLOR_NAME = AccentColor;
				CODE_SIGN_STYLE = Automatic;
				CURRENT_PROJECT_VERSION = 1;
				GENERATE_INFOPLIST_FILE = YES;
				INFOPLIST_FILE = CurrencyAppTableView/Info.plist;
				INFOPLIST_KEY_UIApplicationSupportsIndirectInputEvents = YES;
				INFOPLIST_KEY_UILaunchStoryboardName = LaunchScreen;
				INFOPLIST_KEY_UISupportedInterfaceOrientations = UIInterfaceOrientationPortrait;
				INFOPLIST_KEY_UISupportedInterfaceOrientations_iPad = "UIInterfaceOrientationPortrait UIInterfaceOrientationPortraitUpsideDown UIInterfaceOrientationLandscapeLeft UIInterfaceOrientationLandscapeRight";
				INFOPLIST_KEY_UISupportedInterfaceOrientations_iPhone = "UIInterfaceOrientationPortrait UIInterfaceOrientationLandscapeLeft UIInterfaceOrientationLandscapeRight";
				IPHONEOS_DEPLOYMENT_TARGET = 13.0;
				LD_RUNPATH_SEARCH_PATHS = (
					"$(inherited)",
					"@executable_path/Frameworks",
				);
				MARKETING_VERSION = 1.0;
				PRODUCT_BUNDLE_IDENTIFIER = madj.CurrencyAppTableView;
				PRODUCT_NAME = "$(TARGET_NAME)";
				SWIFT_EMIT_LOC_STRINGS = YES;
				SWIFT_VERSION = 5.0;
				TARGETED_DEVICE_FAMILY = 1;
			};
			name = Debug;
		};
		753E355B27B6AC8C00764ED6 /* Release */ = {
			isa = XCBuildConfiguration;
			buildSettings = {
				ASSETCATALOG_COMPILER_APPICON_NAME = AppIcon;
				ASSETCATALOG_COMPILER_GLOBAL_ACCENT_COLOR_NAME = AccentColor;
				CODE_SIGN_STYLE = Automatic;
				CURRENT_PROJECT_VERSION = 1;
				GENERATE_INFOPLIST_FILE = YES;
				INFOPLIST_FILE = CurrencyAppTableView/Info.plist;
				INFOPLIST_KEY_UIApplicationSupportsIndirectInputEvents = YES;
				INFOPLIST_KEY_UILaunchStoryboardName = LaunchScreen;
				INFOPLIST_KEY_UISupportedInterfaceOrientations = UIInterfaceOrientationPortrait;
				INFOPLIST_KEY_UISupportedInterfaceOrientations_iPad = "UIInterfaceOrientationPortrait UIInterfaceOrientationPortraitUpsideDown UIInterfaceOrientationLandscapeLeft UIInterfaceOrientationLandscapeRight";
				INFOPLIST_KEY_UISupportedInterfaceOrientations_iPhone = "UIInterfaceOrientationPortrait UIInterfaceOrientationLandscapeLeft UIInterfaceOrientationLandscapeRight";
				IPHONEOS_DEPLOYMENT_TARGET = 13.0;
				LD_RUNPATH_SEARCH_PATHS = (
					"$(inherited)",
					"@executable_path/Frameworks",
				);
				MARKETING_VERSION = 1.0;
				PRODUCT_BUNDLE_IDENTIFIER = madj.CurrencyAppTableView;
				PRODUCT_NAME = "$(TARGET_NAME)";
				SWIFT_EMIT_LOC_STRINGS = YES;
				SWIFT_VERSION = 5.0;
				TARGETED_DEVICE_FAMILY = 1;
			};
			name = Release;
		};
		753E355D27B6AC8C00764ED6 /* Debug */ = {
			isa = XCBuildConfiguration;
			buildSettings = {
				ALWAYS_EMBED_SWIFT_STANDARD_LIBRARIES = YES;
				BUNDLE_LOADER = "$(TEST_HOST)";
				CODE_SIGN_STYLE = Automatic;
				CURRENT_PROJECT_VERSION = 1;
				GENERATE_INFOPLIST_FILE = YES;
				IPHONEOS_DEPLOYMENT_TARGET = 15.2;
				MARKETING_VERSION = 1.0;
				PRODUCT_BUNDLE_IDENTIFIER = madj.CurrencyAppTableViewTests;
				PRODUCT_NAME = "$(TARGET_NAME)";
				SWIFT_EMIT_LOC_STRINGS = NO;
				SWIFT_VERSION = 5.0;
				TARGETED_DEVICE_FAMILY = "1,2";
				TEST_HOST = "$(BUILT_PRODUCTS_DIR)/CurrencyAppTableView.app/CurrencyAppTableView";
			};
			name = Debug;
		};
		753E355E27B6AC8C00764ED6 /* Release */ = {
			isa = XCBuildConfiguration;
			buildSettings = {
				ALWAYS_EMBED_SWIFT_STANDARD_LIBRARIES = YES;
				BUNDLE_LOADER = "$(TEST_HOST)";
				CODE_SIGN_STYLE = Automatic;
				CURRENT_PROJECT_VERSION = 1;
				GENERATE_INFOPLIST_FILE = YES;
				IPHONEOS_DEPLOYMENT_TARGET = 15.2;
				MARKETING_VERSION = 1.0;
				PRODUCT_BUNDLE_IDENTIFIER = madj.CurrencyAppTableViewTests;
				PRODUCT_NAME = "$(TARGET_NAME)";
				SWIFT_EMIT_LOC_STRINGS = NO;
				SWIFT_VERSION = 5.0;
				TARGETED_DEVICE_FAMILY = "1,2";
				TEST_HOST = "$(BUILT_PRODUCTS_DIR)/CurrencyAppTableView.app/CurrencyAppTableView";
			};
			name = Release;
		};
		753E356027B6AC8C00764ED6 /* Debug */ = {
			isa = XCBuildConfiguration;
			buildSettings = {
				ALWAYS_EMBED_SWIFT_STANDARD_LIBRARIES = YES;
				CODE_SIGN_STYLE = Automatic;
				CURRENT_PROJECT_VERSION = 1;
				GENERATE_INFOPLIST_FILE = YES;
				MARKETING_VERSION = 1.0;
				PRODUCT_BUNDLE_IDENTIFIER = madj.CurrencyAppTableViewUITests;
				PRODUCT_NAME = "$(TARGET_NAME)";
				SWIFT_EMIT_LOC_STRINGS = NO;
				SWIFT_VERSION = 5.0;
				TARGETED_DEVICE_FAMILY = "1,2";
				TEST_TARGET_NAME = CurrencyAppTableView;
			};
			name = Debug;
		};
		753E356127B6AC8C00764ED6 /* Release */ = {
			isa = XCBuildConfiguration;
			buildSettings = {
				ALWAYS_EMBED_SWIFT_STANDARD_LIBRARIES = YES;
				CODE_SIGN_STYLE = Automatic;
				CURRENT_PROJECT_VERSION = 1;
				GENERATE_INFOPLIST_FILE = YES;
				MARKETING_VERSION = 1.0;
				PRODUCT_BUNDLE_IDENTIFIER = madj.CurrencyAppTableViewUITests;
				PRODUCT_NAME = "$(TARGET_NAME)";
				SWIFT_EMIT_LOC_STRINGS = NO;
				SWIFT_VERSION = 5.0;
				TARGETED_DEVICE_FAMILY = "1,2";
				TEST_TARGET_NAME = CurrencyAppTableView;
			};
			name = Release;
		};
/* End XCBuildConfiguration section */

/* Begin XCConfigurationList section */
		753E34F627B6AB8C00764ED6 /* Build configuration list for PBXProject "CurrencyApp" */ = {
			isa = XCConfigurationList;
			buildConfigurations = (
				753E352327B6AB8D00764ED6 /* Debug */,
				753E352427B6AB8D00764ED6 /* Release */,
			);
			defaultConfigurationIsVisible = 0;
			defaultConfigurationName = Release;
		};
		753E352527B6AB8D00764ED6 /* Build configuration list for PBXNativeTarget "CurrencyApp" */ = {
			isa = XCConfigurationList;
			buildConfigurations = (
				753E352627B6AB8D00764ED6 /* Debug */,
				753E352727B6AB8D00764ED6 /* Release */,
			);
			defaultConfigurationIsVisible = 0;
			defaultConfigurationName = Release;
		};
		753E352827B6AB8D00764ED6 /* Build configuration list for PBXNativeTarget "CurrencyAppTests" */ = {
			isa = XCConfigurationList;
			buildConfigurations = (
				753E352927B6AB8D00764ED6 /* Debug */,
				753E352A27B6AB8D00764ED6 /* Release */,
			);
			defaultConfigurationIsVisible = 0;
			defaultConfigurationName = Release;
		};
		753E352B27B6AB8D00764ED6 /* Build configuration list for PBXNativeTarget "CurrencyAppUITests" */ = {
			isa = XCConfigurationList;
			buildConfigurations = (
				753E352C27B6AB8D00764ED6 /* Debug */,
				753E352D27B6AB8D00764ED6 /* Release */,
			);
			defaultConfigurationIsVisible = 0;
			defaultConfigurationName = Release;
		};
		753E355927B6AC8C00764ED6 /* Build configuration list for PBXNativeTarget "CurrencyAppTableView" */ = {
			isa = XCConfigurationList;
			buildConfigurations = (
				753E355A27B6AC8C00764ED6 /* Debug */,
				753E355B27B6AC8C00764ED6 /* Release */,
			);
			defaultConfigurationIsVisible = 0;
			defaultConfigurationName = Release;
		};
		753E355C27B6AC8C00764ED6 /* Build configuration list for PBXNativeTarget "CurrencyAppTableViewTests" */ = {
			isa = XCConfigurationList;
			buildConfigurations = (
				753E355D27B6AC8C00764ED6 /* Debug */,
				753E355E27B6AC8C00764ED6 /* Release */,
			);
			defaultConfigurationIsVisible = 0;
			defaultConfigurationName = Release;
		};
		753E355F27B6AC8C00764ED6 /* Build configuration list for PBXNativeTarget "CurrencyAppTableViewUITests" */ = {
			isa = XCConfigurationList;
			buildConfigurations = (
				753E356027B6AC8C00764ED6 /* Debug */,
				753E356127B6AC8C00764ED6 /* Release */,
			);
			defaultConfigurationIsVisible = 0;
			defaultConfigurationName = Release;
		};
/* End XCConfigurationList section */

/* Begin XCRemoteSwiftPackageReference section */
		753E356627B6AED000764ED6 /* XCRemoteSwiftPackageReference "TinyConstraints" */ = {
			isa = XCRemoteSwiftPackageReference;
			repositoryURL = "https://github.com/roberthein/TinyConstraints.git";
			requirement = {
				branch = master;
				kind = branch;
			};
		};
		753E358827B6C1ED00764ED6 /* XCRemoteSwiftPackageReference "Alamofire" */ = {
			isa = XCRemoteSwiftPackageReference;
			repositoryURL = "https://github.com/Alamofire/Alamofire.git";
			requirement = {
				branch = master;
				kind = branch;
			};
		};
		753E358D27B6C20400764ED6 /* XCRemoteSwiftPackageReference "SwiftyJSON" */ = {
			isa = XCRemoteSwiftPackageReference;
			repositoryURL = "https://github.com/SwiftyJSON/SwiftyJSON.git";
			requirement = {
				branch = master;
				kind = branch;
			};
		};
/* End XCRemoteSwiftPackageReference section */

/* Begin XCSwiftPackageProductDependency section */
		753E356727B6AED000764ED6 /* TinyConstraints */ = {
			isa = XCSwiftPackageProductDependency;
			package = 753E356627B6AED000764ED6 /* XCRemoteSwiftPackageReference "TinyConstraints" */;
			productName = TinyConstraints;
		};
		753E356A27B6AEE300764ED6 /* TinyConstraints */ = {
			isa = XCSwiftPackageProductDependency;
			package = 753E356627B6AED000764ED6 /* XCRemoteSwiftPackageReference "TinyConstraints" */;
			productName = TinyConstraints;
		};
		753E358927B6C1ED00764ED6 /* Alamofire */ = {
			isa = XCSwiftPackageProductDependency;
			package = 753E358827B6C1ED00764ED6 /* XCRemoteSwiftPackageReference "Alamofire" */;
			productName = Alamofire;
		};
		753E358B27B6C1F500764ED6 /* Alamofire */ = {
			isa = XCSwiftPackageProductDependency;
			package = 753E358827B6C1ED00764ED6 /* XCRemoteSwiftPackageReference "Alamofire" */;
			productName = Alamofire;
		};
		753E358E27B6C20400764ED6 /* SwiftyJSON */ = {
			isa = XCSwiftPackageProductDependency;
			package = 753E358D27B6C20400764ED6 /* XCRemoteSwiftPackageReference "SwiftyJSON" */;
			productName = SwiftyJSON;
		};
		753E359027B6C20B00764ED6 /* SwiftyJSON */ = {
			isa = XCSwiftPackageProductDependency;
			package = 753E358D27B6C20400764ED6 /* XCRemoteSwiftPackageReference "SwiftyJSON" */;
			productName = SwiftyJSON;
		};
/* End XCSwiftPackageProductDependency section */
	};
	rootObject = 753E34F327B6AB8C00764ED6 /* Project object */;
}
